
Microsoft Visual Studio Solution File, Format Version 12.00
# Visual Studio Version 17
VisualStudioVersion = 17.2.32616.157
MinimumVisualStudioVersion = 10.0.40219.1
Project("{FAE04EC0-301F-11D3-BF4B-00C04F79EFBC}") = "ServiceA", "ServiceA\ServiceA.csproj", "{51465109-89E2-4BE1-94B2-80E73BC99978}"
EndProject
Project("{FAE04EC0-301F-11D3-BF4B-00C04F79EFBC}") = "ServiceB", "ServiceB\ServiceB.csproj", "{A5ECF5EC-223B-4A30-9349-AEBB445DCCDC}"
EndProject
Global
	GlobalSection(SolutionConfigurationPlatforms) = preSolution
		Debug|Any CPU = Debug|Any CPU
		Release|Any CPU = Release|Any CPU
	EndGlobalSection
	GlobalSection(ProjectConfigurationPlatforms) = postSolution
		{51465109-89E2-4BE1-94B2-80E73BC99978}.Debug|Any CPU.ActiveCfg = Debug|Any CPU
		{51465109-89E2-4BE1-94B2-80E73BC99978}.Debug|Any CPU.Build.0 = Debug|Any CPU
		{51465109-89E2-4BE1-94B2-80E73BC99978}.Release|Any CPU.ActiveCfg = Release|Any CPU
		{51465109-89E2-4BE1-94B2-80E73BC99978}.Release|Any CPU.Build.0 = Release|Any CPU
		{A5ECF5EC-223B-4A30-9349-AEBB445DCCDC}.Debug|Any CPU.ActiveCfg = Debug|Any CPU
		{A5ECF5EC-223B-4A30-9349-AEBB445DCCDC}.Debug|Any CPU.Build.0 = Debug|Any CPU
		{A5ECF5EC-223B-4A30-9349-AEBB445DCCDC}.Release|Any CPU.ActiveCfg = Release|Any CPU
		{A5ECF5EC-223B-4A30-9349-AEBB445DCCDC}.Release|Any CPU.Build.0 = Release|Any CPU
	EndGlobalSection
	GlobalSection(SolutionProperties) = preSolution
		HideSolutionNode = FALSE
	EndGlobalSection
	GlobalSection(ExtensibilityGlobals) = postSolution
		SolutionGuid = {A8E11D92-58D4-4CFF-91FC-43C865D0C4F1}
	EndGlobalSection
EndGlobal
